
Microsoft Visual Studio Solution File, Format Version 12.00
Project("{2150E333-8FDC-42A3-9474-1A3956D46DE8}") = "src", "src", "{1D8BB22C-1525-432B-AA76-F35167282C6B}"
EndProject
Project("{2150E333-8FDC-42A3-9474-1A3956D46DE8}") = "tests", "tests", "{1C892B32-4C25-441B-BB15-779E2F8A88DD}"
EndProject
Project("{FAE04EC0-301F-11D3-BF4B-00C04F79EFBC}") = "TicTacToe.Api", "src\TicTacToe.Api\TicTacToe.Api.csproj", "{71421644-2CB8-40D5-8100-EF3E65540AAC}"
EndProject
Project("{FAE04EC0-301F-11D3-BF4B-00C04F79EFBC}") = "TicTacToe.Tests.Unit", "tests\TicTacToe.Tests.Unit\TicTacToe.Tests.Unit.csproj", "{592BF844-71CC-4831-9093-9D49B3F8A223}"
EndProject
Global
	GlobalSection(SolutionConfigurationPlatforms) = preSolution
		Debug|Any CPU = Debug|Any CPU
		Release|Any CPU = Release|Any CPU
	EndGlobalSection
	GlobalSection(NestedProjects) = preSolution
		{71421644-2CB8-40D5-8100-EF3E65540AAC} = {1D8BB22C-1525-432B-AA76-F35167282C6B}
		{592BF844-71CC-4831-9093-9D49B3F8A223} = {1C892B32-4C25-441B-BB15-779E2F8A88DD}
	EndGlobalSection
	GlobalSection(ProjectConfigurationPlatforms) = postSolution
		{71421644-2CB8-40D5-8100-EF3E65540AAC}.Debug|Any CPU.ActiveCfg = Debug|Any CPU
		{71421644-2CB8-40D5-8100-EF3E65540AAC}.Debug|Any CPU.Build.0 = Debug|Any CPU
		{71421644-2CB8-40D5-8100-EF3E65540AAC}.Release|Any CPU.ActiveCfg = Release|Any CPU
		{71421644-2CB8-40D5-8100-EF3E65540AAC}.Release|Any CPU.Build.0 = Release|Any CPU
		{592BF844-71CC-4831-9093-9D49B3F8A223}.Debug|Any CPU.ActiveCfg = Debug|Any CPU
		{592BF844-71CC-4831-9093-9D49B3F8A223}.Debug|Any CPU.Build.0 = Debug|Any CPU
		{592BF844-71CC-4831-9093-9D49B3F8A223}.Release|Any CPU.ActiveCfg = Release|Any CPU
		{592BF844-71CC-4831-9093-9D49B3F8A223}.Release|Any CPU.Build.0 = Release|Any CPU
	EndGlobalSection
EndGlobal
